
Microsoft Visual Studio Solution File, Format Version 12.00
# Visual Studio 2013
VisualStudioVersion = 12.0.21005.1
MinimumVisualStudioVersion = 10.0.40219.1
Project("{FAE04EC0-301F-11D3-BF4B-00C04F79EFBC}") = "Monopoly", "Monopoly\Monopoly.csproj", "{2C9E0BFE-389E-4455-B74C-421684C3AEC7}"
EndProject
Project("{FAE04EC0-301F-11D3-BF4B-00C04F79EFBC}") = "Monopy.Test", "Monopy.Test\Monopy.Test.csproj", "{0C1A14B0-9386-4F2D-B5D2-2CDFD5FDD455}"
EndProject
Project("{FAE04EC0-301F-11D3-BF4B-00C04F79EFBC}") = "Monopoly.Web", "Monopoly.Web\Monopoly.Web.csproj", "{6020951B-6E9B-45B1-AC75-A8EB42B408F4}"
EndProject
Global
	GlobalSection(SolutionConfigurationPlatforms) = preSolution
		Debug|Any CPU = Debug|Any CPU
		Release|Any CPU = Release|Any CPU
	EndGlobalSection
	GlobalSection(ProjectConfigurationPlatforms) = postSolution
		{2C9E0BFE-389E-4455-B74C-421684C3AEC7}.Debug|Any CPU.ActiveCfg = Debug|Any CPU
		{2C9E0BFE-389E-4455-B74C-421684C3AEC7}.Debug|Any CPU.Build.0 = Debug|Any CPU
		{2C9E0BFE-389E-4455-B74C-421684C3AEC7}.Release|Any CPU.ActiveCfg = Release|Any CPU
		{2C9E0BFE-389E-4455-B74C-421684C3AEC7}.Release|Any CPU.Build.0 = Release|Any CPU
		{0C1A14B0-9386-4F2D-B5D2-2CDFD5FDD455}.Debug|Any CPU.ActiveCfg = Debug|Any CPU
		{0C1A14B0-9386-4F2D-B5D2-2CDFD5FDD455}.Debug|Any CPU.Build.0 = Debug|Any CPU
		{0C1A14B0-9386-4F2D-B5D2-2CDFD5FDD455}.Release|Any CPU.ActiveCfg = Release|Any CPU
		{0C1A14B0-9386-4F2D-B5D2-2CDFD5FDD455}.Release|Any CPU.Build.0 = Release|Any CPU
		{6020951B-6E9B-45B1-AC75-A8EB42B408F4}.Debug|Any CPU.ActiveCfg = Debug|Any CPU
		{6020951B-6E9B-45B1-AC75-A8EB42B408F4}.Debug|Any CPU.Build.0 = Debug|Any CPU
		{6020951B-6E9B-45B1-AC75-A8EB42B408F4}.Release|Any CPU.ActiveCfg = Release|Any CPU
		{6020951B-6E9B-45B1-AC75-A8EB42B408F4}.Release|Any CPU.Build.0 = Release|Any CPU
	EndGlobalSection
	GlobalSection(SolutionProperties) = preSolution
		HideSolutionNode = FALSE
	EndGlobalSection
EndGlobal
